
Microsoft Visual Studio Solution File, Format Version 12.00
# Visual Studio 2015
Project("{FAE04EC0-301F-11D3-BF4B-00C04F79EFBC}") = "Jack Carroll - Gravity Jumps - Final Project V10", "Jack Carroll - Gravity Jumps - Final Project V10.csproj", "{88C1927A-1C92-23A1-CDC0-A341C3636CC9}"
EndProject
Global
	GlobalSection(SolutionConfigurationPlatforms) = preSolution
		Debug|Any CPU = Debug|Any CPU
		Release|Any CPU = Release|Any CPU
	EndGlobalSection
	GlobalSection(ProjectConfigurationPlatforms) = postSolution
		{88C1927A-1C92-23A1-CDC0-A341C3636CC9}.Debug|Any CPU.ActiveCfg = Debug|Any CPU
		{88C1927A-1C92-23A1-CDC0-A341C3636CC9}.Debug|Any CPU.Build.0 = Debug|Any CPU
		{88C1927A-1C92-23A1-CDC0-A341C3636CC9}.Release|Any CPU.ActiveCfg = Release|Any CPU
		{88C1927A-1C92-23A1-CDC0-A341C3636CC9}.Release|Any CPU.Build.0 = Release|Any CPU
	EndGlobalSection
	GlobalSection(SolutionProperties) = preSolution
		HideSolutionNode = FALSE
	EndGlobalSection
EndGlobal
