
Microsoft Visual Studio Solution File, Format Version 12.00
# Visual Studio 2015
Project("{FAE04EC0-301F-11D3-BF4B-00C04F79EFBC}") = "Audio Test V2.CSharp", "Audio Test V2.CSharp.csproj", "{02B79592-1205-D4A7-542F-44D2616CFFAC}"
EndProject
Global
	GlobalSection(SolutionConfigurationPlatforms) = preSolution
		Debug|Any CPU = Debug|Any CPU
		Release|Any CPU = Release|Any CPU
	EndGlobalSection
	GlobalSection(ProjectConfigurationPlatforms) = postSolution
		{02B79592-1205-D4A7-542F-44D2616CFFAC}.Debug|Any CPU.ActiveCfg = Debug|Any CPU
		{02B79592-1205-D4A7-542F-44D2616CFFAC}.Debug|Any CPU.Build.0 = Debug|Any CPU
		{02B79592-1205-D4A7-542F-44D2616CFFAC}.Release|Any CPU.ActiveCfg = Release|Any CPU
		{02B79592-1205-D4A7-542F-44D2616CFFAC}.Release|Any CPU.Build.0 = Release|Any CPU
	EndGlobalSection
	GlobalSection(SolutionProperties) = preSolution
		HideSolutionNode = FALSE
	EndGlobalSection
EndGlobal
