
Microsoft Visual Studio Solution File, Format Version 12.00
# Visual Studio 2015
Project("{FAE04EC0-301F-11D3-BF4B-00C04F79EFBC}") = "Christmas Scene.CSharp.Plugins", "Christmas Scene.CSharp.Plugins.csproj", "{8D20F69A-D8E7-B1B2-5FF7-82113F295935}"
EndProject
Project("{FAE04EC0-301F-11D3-BF4B-00C04F79EFBC}") = "Christmas Scene.CSharp.Editor", "Christmas Scene.CSharp.Editor.csproj", "{BA1704E5-E487-4B95-4353-9FE4F2A2DAB7}"
EndProject
Global
	GlobalSection(SolutionConfigurationPlatforms) = preSolution
		Debug|Any CPU = Debug|Any CPU
		Release|Any CPU = Release|Any CPU
	EndGlobalSection
	GlobalSection(ProjectConfigurationPlatforms) = postSolution
		{8D20F69A-D8E7-B1B2-5FF7-82113F295935}.Debug|Any CPU.ActiveCfg = Debug|Any CPU
		{8D20F69A-D8E7-B1B2-5FF7-82113F295935}.Debug|Any CPU.Build.0 = Debug|Any CPU
		{8D20F69A-D8E7-B1B2-5FF7-82113F295935}.Release|Any CPU.ActiveCfg = Release|Any CPU
		{8D20F69A-D8E7-B1B2-5FF7-82113F295935}.Release|Any CPU.Build.0 = Release|Any CPU
		{BA1704E5-E487-4B95-4353-9FE4F2A2DAB7}.Debug|Any CPU.ActiveCfg = Debug|Any CPU
		{BA1704E5-E487-4B95-4353-9FE4F2A2DAB7}.Debug|Any CPU.Build.0 = Debug|Any CPU
		{BA1704E5-E487-4B95-4353-9FE4F2A2DAB7}.Release|Any CPU.ActiveCfg = Release|Any CPU
		{BA1704E5-E487-4B95-4353-9FE4F2A2DAB7}.Release|Any CPU.Build.0 = Release|Any CPU
	EndGlobalSection
	GlobalSection(SolutionProperties) = preSolution
		HideSolutionNode = FALSE
	EndGlobalSection
EndGlobal
